
Microsoft Visual Studio Solution File, Format Version 12.00
# Visual Studio Version 17
VisualStudioVersion = 17.1.31911.260
MinimumVisualStudioVersion = 10.0.40219.1
Project("{FAE04EC0-301F-11D3-BF4B-00C04F79EFBC}") = "tx-context-toolbar", "tx-context-toolbar\tx-context-toolbar.csproj", "{28C50A10-3784-4952-8E79-A83E63AD786F}"
EndProject
Global
	GlobalSection(SolutionConfigurationPlatforms) = preSolution
		Debug|Any CPU = Debug|Any CPU
		Release|Any CPU = Release|Any CPU
	EndGlobalSection
	GlobalSection(ProjectConfigurationPlatforms) = postSolution
		{28C50A10-3784-4952-8E79-A83E63AD786F}.Debug|Any CPU.ActiveCfg = Debug|Any CPU
		{28C50A10-3784-4952-8E79-A83E63AD786F}.Debug|Any CPU.Build.0 = Debug|Any CPU
		{28C50A10-3784-4952-8E79-A83E63AD786F}.Release|Any CPU.ActiveCfg = Release|Any CPU
		{28C50A10-3784-4952-8E79-A83E63AD786F}.Release|Any CPU.Build.0 = Release|Any CPU
	EndGlobalSection
	GlobalSection(SolutionProperties) = preSolution
		HideSolutionNode = FALSE
	EndGlobalSection
	GlobalSection(ExtensibilityGlobals) = postSolution
		SolutionGuid = {B1D9B354-25F3-4462-9619-3613740CA7BC}
	EndGlobalSection
EndGlobal
